# This file is automatically @generated by Cargo.
# It is not intended for manual editing.
version = 4

[[package]]
name = "drm-fourcc"
version = "2.2.0"
source = "registry+https://github.com/rust-lang/crates.io-index"
checksum = "0aafbcdb8afc29c1a7ee5fbe53b5d62f4565b35a042a662ca9fecd0b54dae6f4"

[[package]]
name = "rlink-core"
version = "0.1.0"
dependencies = [
 "drm-fourcc",
]
